{
  "name": "regression-dashboard",
  "lockfileVersion": 3,
  "requires": true,
  "packages": {
    "": {
      "name": "regression-dashboard",
      "dependencies": {
        "@rezi-ui/core": "file:../../packages/core",
        "@rezi-ui/node": "file:../../packages/node"
      },
      "engines": {
        "bun": ">=1.3.0",
        "node": ">=18"
      }
    },
    "../../packages/core": {
      "name": "@rezi-ui/core",
      "version": "0.1.0-alpha.34",
      "license": "Apache-2.0",
      "devDependencies": {
        "@rezi-ui/testkit": "0.1.0-alpha.34"
      },
      "engines": {
        "bun": ">=1.3.0",
        "node": ">=18"
      }
    },
    "../../packages/node": {
      "name": "@rezi-ui/node",
      "version": "0.1.0-alpha.34",
      "license": "Apache-2.0",
      "dependencies": {
        "@rezi-ui/core": "0.1.0-alpha.34",
        "@rezi-ui/native": "0.1.0-alpha.34"
      },
      "devDependencies": {
        "@xterm/headless": "^6.0.0",
        "node-pty": "^1.1.0"
      },
      "engines": {
        "bun": ">=1.3.0",
        "node": ">=18"
      }
    },
    "node_modules/@rezi-ui/core": {
      "resolved": "../../packages/core",
      "link": true
    },
    "node_modules/@rezi-ui/node": {
      "resolved": "../../packages/node",
      "link": true
    }
  }
}
